
Microsoft Visual Studio Solution File, Format Version 12.00
# Visual Studio Version 17
VisualStudioVersion = 17.5.33502.453
MinimumVisualStudioVersion = 10.0.40219.1
Project("{FAE04EC0-301F-11D3-BF4B-00C04F79EFBC}") = "SampleDILifetimes", "SampleDILifetimes.csproj", "{E80BF6EF-BF87-4B72-B7BA-64378BA34ECD}"
EndProject
Global
	GlobalSection(SolutionConfigurationPlatforms) = preSolution
		Debug|Any CPU = Debug|Any CPU
		Release|Any CPU = Release|Any CPU
	EndGlobalSection
	GlobalSection(ProjectConfigurationPlatforms) = postSolution
		{E80BF6EF-BF87-4B72-B7BA-64378BA34ECD}.Debug|Any CPU.ActiveCfg = Debug|Any CPU
		{E80BF6EF-BF87-4B72-B7BA-64378BA34ECD}.Debug|Any CPU.Build.0 = Debug|Any CPU
		{E80BF6EF-BF87-4B72-B7BA-64378BA34ECD}.Release|Any CPU.ActiveCfg = Release|Any CPU
		{E80BF6EF-BF87-4B72-B7BA-64378BA34ECD}.Release|Any CPU.Build.0 = Release|Any CPU
	EndGlobalSection
	GlobalSection(SolutionProperties) = preSolution
		HideSolutionNode = FALSE
	EndGlobalSection
	GlobalSection(ExtensibilityGlobals) = postSolution
		SolutionGuid = {DB9028C0-8210-42A6-9CB1-348D2D7474A5}
	EndGlobalSection
EndGlobal
